
Microsoft Visual Studio Solution File, Format Version 12.00
# Visual Studio 15
VisualStudioVersion = 15.0.27130.2020
MinimumVisualStudioVersion = 10.0.40219.1
Project("{FAE04EC0-301F-11D3-BF4B-00C04F79EFBC}") = "InsurancePremiums", "InsurancePremiums\InsurancePremiums.csproj", "{1E02A64E-6458-43E3-9512-1323FBEA7761}"
EndProject
Global
	GlobalSection(SolutionConfigurationPlatforms) = preSolution
		Debug|Any CPU = Debug|Any CPU
		Release|Any CPU = Release|Any CPU
	EndGlobalSection
	GlobalSection(ProjectConfigurationPlatforms) = postSolution
		{1E02A64E-6458-43E3-9512-1323FBEA7761}.Debug|Any CPU.ActiveCfg = Debug|Any CPU
		{1E02A64E-6458-43E3-9512-1323FBEA7761}.Debug|Any CPU.Build.0 = Debug|Any CPU
		{1E02A64E-6458-43E3-9512-1323FBEA7761}.Release|Any CPU.ActiveCfg = Release|Any CPU
		{1E02A64E-6458-43E3-9512-1323FBEA7761}.Release|Any CPU.Build.0 = Release|Any CPU
	EndGlobalSection
	GlobalSection(SolutionProperties) = preSolution
		HideSolutionNode = FALSE
	EndGlobalSection
	GlobalSection(ExtensibilityGlobals) = postSolution
		SolutionGuid = {A1305EA2-CA57-4FD1-B447-CBBAB851A1C1}
	EndGlobalSection
EndGlobal
